// !$*UTF8*$!
{
	archiveVersion = 1;
	classes = {
	};
	objectVersion = 46;
	objects = {

/* Begin PBXBuildFile section */
		171604A41F2B637F008F714B /* AppDelegate.swift in Sources */ = {isa = PBXBuildFile; fileRef = 171604A31F2B637F008F714B /* AppDelegate.swift */; };
		171604A61F2B637F008F714B /* ViewController.swift in Sources */ = {isa = PBXBuildFile; fileRef = 171604A51F2B637F008F714B /* ViewController.swift */; };
		171604A91F2B637F008F714B /* Main.storyboard in Resources */ = {isa = PBXBuildFile; fileRef = 171604A71F2B637F008F714B /* Main.storyboard */; };
		171604AB1F2B637F008F714B /* Assets.xcassets in Resources */ = {isa = PBXBuildFile; fileRef = 171604AA1F2B637F008F714B /* Assets.xcassets */; };
		171604AE1F2B637F008F714B /* LaunchScreen.storyboard in Resources */ = {isa = PBXBuildFile; fileRef = 171604AC1F2B637F008F714B /* LaunchScreen.storyboard */; };
		171604B91F2B637F008F714B /* MiraclePillsTests.swift in Sources */ = {isa = PBXBuildFile; fileRef = 171604B81F2B637F008F714B /* MiraclePillsTests.swift */; };
		171604C41F2B637F008F714B /* MiraclePillsUITests.swift in Sources */ = {isa = PBXBuildFile; fileRef = 171604C31F2B637F008F714B /* MiraclePillsUITests.swift */; };
/* End PBXBuildFile section */

/* Begin PBXContainerItemProxy section */
		171604B51F2B637F008F714B /* PBXContainerItemProxy */ = {
			isa = PBXContainerItemProxy;
			containerPortal = 171604981F2B637F008F714B /* Project object */;
			proxyType = 1;
			remoteGlobalIDString = 1716049F1F2B637F008F714B;
			remoteInfo = MiraclePills;
		};
		171604C01F2B637F008F714B /* PBXContainerItemProxy */ = {
			isa = PBXContainerItemProxy;
			containerPortal = 171604981F2B637F008F714B /* Project object */;
			proxyType = 1;
			remoteGlobalIDString = 1716049F1F2B637F008F714B;
			remoteInfo = MiraclePills;
		};
/* End PBXContainerItemProxy section */

/* Begin PBXFileReference section */
		171604A01F2B637F008F714B /* MiraclePills.app */ = {isa = PBXFileReference; explicitFileType = wrapper.application; includeInIndex = 0; path = MiraclePills.app; sourceTree = BUILT_PRODUCTS_DIR; };
		171604A31F2B637F008F714B /* AppDelegate.swift */ = {isa = PBXFileReference; lastKnownFileType = sourcecode.swift; path = AppDelegate.swift; sourceTree = "<group>"; };
		171604A51F2B637F008F714B /* ViewController.swift */ = {isa = PBXFileReference; lastKnownFileType = sourcecode.swift; path = ViewController.swift; sourceTree = "<group>"; };
		171604A81F2B637F008F714B /* Base */ = {isa = PBXFileReference; lastKnownFileType = file.storyboard; name = Base; path = Base.lproj/Main.storyboard; sourceTree = "<group>"; };
		171604AA1F2B637F008F714B /* Assets.xcassets */ = {isa = PBXFileReference; lastKnownFileType = folder.assetcatalog; path = Assets.xcassets; sourceTree = "<group>"; };
		171604AD1F2B637F008F714B /* Base */ = {isa = PBXFileReference; lastKnownFileType = file.storyboard; name = Base; path = Base.lproj/LaunchScreen.storyboard; sourceTree = "<group>"; };
		171604AF1F2B637F008F714B /* Info.plist */ = {isa = PBXFileReference; lastKnownFileType = text.plist.xml; path = Info.plist; sourceTree = "<group>"; };
		171604B41F2B637F008F714B /* MiraclePillsTests.xctest */ = {isa = PBXFileReference; explicitFileType = wrapper.cfbundle; includeInIndex = 0; path = MiraclePillsTests.xctest; sourceTree = BUILT_PRODUCTS_DIR; };
		171604B81F2B637F008F714B /* MiraclePillsTests.swift */ = {isa = PBXFileReference; lastKnownFileType = sourcecode.swift; path = MiraclePillsTests.swift; sourceTree = "<group>"; };
		171604BA1F2B637F008F714B /* Info.plist */ = {isa = PBXFileReference; lastKnownFileType = text.plist.xml; path = Info.plist; sourceTree = "<group>"; };
		171604BF1F2B637F008F714B /* MiraclePillsUITests.xctest */ = {isa = PBXFileReference; explicitFileType = wrapper.cfbundle; includeInIndex = 0; path = MiraclePillsUITests.xctest; sourceTree = BUILT_PRODUCTS_DIR; };
		171604C31F2B637F008F714B /* MiraclePillsUITests.swift */ = {isa = PBXFileReference; lastKnownFileType = sourcecode.swift; path = MiraclePillsUITests.swift; sourceTree = "<group>"; };
		171604C51F2B637F008F714B /* Info.plist */ = {isa = PBXFileReference; lastKnownFileType = text.plist.xml; path = Info.plist; sourceTree = "<group>"; };
/* End PBXFileReference section */

/* Begin PBXFrameworksBuildPhase section */
		1716049D1F2B637F008F714B /* Frameworks */ = {
			isa = PBXFrameworksBuildPhase;
			buildActionMask = 2147483647;
			files = (
			);
			runOnlyForDeploymentPostprocessing = 0;
		};
		171604B11F2B637F008F714B /* Frameworks */ = {
			isa = PBXFrameworksBuildPhase;
			buildActionMask = 2147483647;
			files = (
			);
			runOnlyForDeploymentPostprocessing = 0;
		};
		171604BC1F2B637F008F714B /* Frameworks */ = {
			isa = PBXFrameworksBuildPhase;
			buildActionMask = 2147483647;
			files = (
			);
			runOnlyForDeploymentPostprocessing = 0;
		};
/* End PBXFrameworksBuildPhase section */

/* Begin PBXGroup section */
		171604971F2B637F008F714B = {
			isa = PBXGroup;
			children = (
				171604A21F2B637F008F714B /* MiraclePills */,
				171604B71F2B637F008F714B /* MiraclePillsTests */,
				171604C21F2B637F008F714B /* MiraclePillsUITests */,
				171604A11F2B637F008F714B /* Products */,
			);
			sourceTree = "<group>";
		};
		171604A11F2B637F008F714B /* Products */ = {
			isa = PBXGroup;
			children = (
				171604A01F2B637F008F714B /* MiraclePills.app */,
				171604B41F2B637F008F714B /* MiraclePillsTests.xctest */,
				171604BF1F2B637F008F714B /* MiraclePillsUITests.xctest */,
			);
			name = Products;
			sourceTree = "<group>";
		};
		171604A21F2B637F008F714B /* MiraclePills */ = {
			isa = PBXGroup;
			children = (
				171604A31F2B637F008F714B /* AppDelegate.swift */,
				171604A51F2B637F008F714B /* ViewController.swift */,
				171604A71F2B637F008F714B /* Main.storyboard */,
				171604AA1F2B637F008F714B /* Assets.xcassets */,
				171604AC1F2B637F008F714B /* LaunchScreen.storyboard */,
				171604AF1F2B637F008F714B /* Info.plist */,
			);
			path = MiraclePills;
			sourceTree = "<group>";
		};
		171604B71F2B637F008F714B /* MiraclePillsTests */ = {
			isa = PBXGroup;
			children = (
				171604B81F2B637F008F714B /* MiraclePillsTests.swift */,
				171604BA1F2B637F008F714B /* Info.plist */,
			);
			path = MiraclePillsTests;
			sourceTree = "<group>";
		};
		171604C21F2B637F008F714B /* MiraclePillsUITests */ = {
			isa = PBXGroup;
			children = (
				171604C31F2B637F008F714B /* MiraclePillsUITests.swift */,
				171604C51F2B637F008F714B /* Info.plist */,
			);
			path = MiraclePillsUITests;
			sourceTree = "<group>";
		};
/* End PBXGroup section */

/* Begin PBXNativeTarget section */
		1716049F1F2B637F008F714B /* MiraclePills */ = {
			isa = PBXNativeTarget;
			buildConfigurationList = 171604C81F2B637F008F714B /* Build configuration list for PBXNativeTarget "MiraclePills" */;
			buildPhases = (
				1716049C1F2B637F008F714B /* Sources */,
				1716049D1F2B637F008F714B /* Frameworks */,
				1716049E1F2B637F008F714B /* Resources */,
			);
			buildRules = (
			);
			dependencies = (
			);
			name = MiraclePills;
			productName = MiraclePills;
			productReference = 171604A01F2B637F008F714B /* MiraclePills.app */;
			productType = "com.apple.product-type.application";
		};
		171604B31F2B637F008F714B /* MiraclePillsTests */ = {
			isa = PBXNativeTarget;
			buildConfigurationList = 171604CB1F2B637F008F714B /* Build configuration list for PBXNativeTarget "MiraclePillsTests" */;
			buildPhases = (
				171604B01F2B637F008F714B /* Sources */,
				171604B11F2B637F008F714B /* Frameworks */,
				171604B21F2B637F008F714B /* Resources */,
			);
			buildRules = (
			);
			dependencies = (
				171604B61F2B637F008F714B /* PBXTargetDependency */,
			);
			name = MiraclePillsTests;
			productName = MiraclePillsTests;
			productReference = 171604B41F2B637F008F714B /* MiraclePillsTests.xctest */;
			productType = "com.apple.product-type.bundle.unit-test";
		};
		171604BE1F2B637F008F714B /* MiraclePillsUITests */ = {
			isa = PBXNativeTarget;
			buildConfigurationList = 171604CE1F2B637F008F714B /* Build configuration list for PBXNativeTarget "MiraclePillsUITests" */;
			buildPhases = (
				171604BB1F2B637F008F714B /* Sources */,
				171604BC1F2B637F008F714B /* Frameworks */,
				171604BD1F2B637F008F714B /* Resources */,
			);
			buildRules = (
			);
			dependencies = (
				171604C11F2B637F008F714B /* PBXTargetDependency */,
			);
			name = MiraclePillsUITests;
			productName = MiraclePillsUITests;
			productReference = 171604BF1F2B637F008F714B /* MiraclePillsUITests.xctest */;
			productType = "com.apple.product-type.bundle.ui-testing";
		};
/* End PBXNativeTarget section */

/* Begin PBXProject section */
		171604981F2B637F008F714B /* Project object */ = {
			isa = PBXProject;
			attributes = {
				LastSwiftUpdateCheck = 0830;
				LastUpgradeCheck = 0830;
				ORGANIZATIONNAME = musabah;
				TargetAttributes = {
					1716049F1F2B637F008F714B = {
						CreatedOnToolsVersion = 8.3.3;
						DevelopmentTeam = 6G5K2W5TKG;
						ProvisioningStyle = Automatic;
					};
					171604B31F2B637F008F714B = {
						CreatedOnToolsVersion = 8.3.3;
						DevelopmentTeam = 6G5K2W5TKG;
						ProvisioningStyle = Automatic;
						TestTargetID = 1716049F1F2B637F008F714B;
					};
					171604BE1F2B637F008F714B = {
						CreatedOnToolsVersion = 8.3.3;
						DevelopmentTeam = 6G5K2W5TKG;
						ProvisioningStyle = Automatic;
						TestTargetID = 1716049F1F2B637F008F714B;
					};
				};
			};
			buildConfigurationList = 1716049B1F2B637F008F714B /* Build configuration list for PBXProject "MiraclePills" */;
			compatibilityVersion = "Xcode 3.2";
			developmentRegion = English;
			hasScannedForEncodings = 0;
			knownRegions = (
				en,
				Base,
			);
			mainGroup = 171604971F2B637F008F714B;
			productRefGroup = 171604A11F2B637F008F714B /* Products */;
			projectDirPath = "";
			projectRoot = "";
			targets = (
				1716049F1F2B637F008F714B /* MiraclePills */,
				171604B31F2B637F008F714B /* MiraclePillsTests */,
				171604BE1F2B637F008F714B /* MiraclePillsUITests */,
			);
		};
/* End PBXProject section */

/* Begin PBXResourcesBuildPhase section */
		1716049E1F2B637F008F714B /* Resources */ = {
			isa = PBXResourcesBuildPhase;
			buildActionMask = 2147483647;
			files = (
				171604AE1F2B637F008F714B /* LaunchScreen.storyboard in Resources */,
				171604AB1F2B637F008F714B /* Assets.xcassets in Resources */,
				171604A91F2B637F008F714B /* Main.storyboard in Resources */,
			);
			runOnlyForDeploymentPostprocessing = 0;
		};
		171604B21F2B637F008F714B /* Resources */ = {
			isa = PBXResourcesBuildPhase;
			buildActionMask = 2147483647;
			files = (
			);
			runOnlyForDeploymentPostprocessing = 0;
		};
		171604BD1F2B637F008F714B /* Resources */ = {
			isa = PBXResourcesBuildPhase;
			buildActionMask = 2147483647;
			files = (
			);
			runOnlyForDeploymentPostprocessing = 0;
		};
/* End PBXResourcesBuildPhase section */

/* Begin PBXSourcesBuildPhase section */
		1716049C1F2B637F008F714B /* Sources */ = {
			isa = PBXSourcesBuildPhase;
			buildActionMask = 2147483647;
			files = (
				171604A61F2B637F008F714B /* ViewController.swift in Sources */,
				171604A41F2B637F008F714B /* AppDelegate.swift in Sources */,
			);
			runOnlyForDeploymentPostprocessing = 0;
		};
		171604B01F2B637F008F714B /* Sources */ = {
			isa = PBXSourcesBuildPhase;
			buildActionMask = 2147483647;
			files = (
				171604B91F2B637F008F714B /* MiraclePillsTests.swift in Sources */,
			);
			runOnlyForDeploymentPostprocessing = 0;
		};
		171604BB1F2B637F008F714B /* Sources */ = {
			isa = PBXSourcesBuildPhase;
			buildActionMask = 2147483647;
			files = (
				171604C41F2B637F008F714B /* MiraclePillsUITests.swift in Sources */,
			);
			runOnlyForDeploymentPostprocessing = 0;
		};
/* End PBXSourcesBuildPhase section */

/* Begin PBXTargetDependency section */
		171604B61F2B637F008F714B /* PBXTargetDependency */ = {
			isa = PBXTargetDependency;
			target = 1716049F1F2B637F008F714B /* MiraclePills */;
			targetProxy = 171604B51F2B637F008F714B /* PBXContainerItemProxy */;
		};
		171604C11F2B637F008F714B /* PBXTargetDependency */ = {
			isa = PBXTargetDependency;
			target = 1716049F1F2B637F008F714B /* MiraclePills */;
			targetProxy = 171604C01F2B637F008F714B /* PBXContainerItemProxy */;
		};
/* End PBXTargetDependency section */

/* Begin PBXVariantGroup section */
		171604A71F2B637F008F714B /* Main.storyboard */ = {
			isa = PBXVariantGroup;
			children = (
				171604A81F2B637F008F714B /* Base */,
			);
			name = Main.storyboard;
			sourceTree = "<group>";
		};
		171604AC1F2B637F008F714B /* LaunchScreen.storyboard */ = {
			isa = PBXVariantGroup;
			children = (
				171604AD1F2B637F008F714B /* Base */,
			);
			name = LaunchScreen.storyboard;
			sourceTree = "<group>";
		};
/* End PBXVariantGroup section */

/* Begin XCBuildConfiguration section */
		171604C61F2B637F008F714B /* Debug */ = {
			isa = XCBuildConfiguration;
			buildSettings = {
				ALWAYS_SEARCH_USER_PATHS = NO;
				CLANG_ANALYZER_NONNULL = YES;
				CLANG_ANALYZER_NUMBER_OBJECT_CONVERSION = YES_AGGRESSIVE;
				CLANG_CXX_LANGUAGE_STANDARD = "gnu++0x";
				CLANG_CXX_LIBRARY = "libc++";
				CLANG_ENABLE_MODULES = YES;
				CLANG_ENABLE_OBJC_ARC = YES;
				CLANG_WARN_BOOL_CONVERSION = YES;
				CLANG_WARN_CONSTANT_CONVERSION = YES;
				CLANG_WARN_DIRECT_OBJC_ISA_USAGE = YES_ERROR;
				CLANG_WARN_DOCUMENTATION_COMMENTS = YES;
				CLANG_WARN_EMPTY_BODY = YES;
				CLANG_WARN_ENUM_CONVERSION = YES;
				CLANG_WARN_INFINITE_RECURSION = YES;
				CLANG_WARN_INT_CONVERSION = YES;
				CLANG_WARN_OBJC_ROOT_CLASS = YES_ERROR;
				CLANG_WARN_SUSPICIOUS_MOVE = YES;
				CLANG_WARN_UNREACHABLE_CODE = YES;
				CLANG_WARN__DUPLICATE_METHOD_MATCH = YES;
				"CODE_SIGN_IDENTITY[sdk=iphoneos*]" = "iPhone Developer";
				COPY_PHASE_STRIP = NO;
				DEBUG_INFORMATION_FORMAT = dwarf;
				ENABLE_STRICT_OBJC_MSGSEND = YES;
				ENABLE_TESTABILITY = YES;
				GCC_C_LANGUAGE_STANDARD = gnu99;
				GCC_DYNAMIC_NO_PIC = NO;
				GCC_NO_COMMON_BLOCKS = YES;
				GCC_OPTIMIZATION_LEVEL = 0;
				GCC_PREPROCESSOR_DEFINITIONS = (
					"DEBUG=1",
					"$(inherited)",
				);
				GCC_WARN_64_TO_32_BIT_CONVERSION = YES;
				GCC_WARN_ABOUT_RETURN_TYPE = YES_ERROR;
				GCC_WARN_UNDECLARED_SELECTOR = YES;
				GCC_WARN_UNINITIALIZED_AUTOS = YES_AGGRESSIVE;
				GCC_WARN_UNUSED_FUNCTION = YES;
				GCC_WARN_UNUSED_VARIABLE = YES;
				IPHONEOS_DEPLOYMENT_TARGET = 10.3;
				MTL_ENABLE_DEBUG_INFO = YES;
				ONLY_ACTIVE_ARCH = YES;
				SDKROOT = iphoneos;
				SWIFT_ACTIVE_COMPILATION_CONDITIONS = DEBUG;
				SWIFT_OPTIMIZATION_LEVEL = "-Onone";
				TARGETED_DEVICE_FAMILY = "1,2";
			};
			name = Debug;
		};
		171604C71F2B637F008F714B /* Release */ = {
			isa = XCBuildConfiguration;
			buildSettings = {
				ALWAYS_SEARCH_USER_PATHS = NO;
				CLANG_ANALYZER_NONNULL = YES;
				CLANG_ANALYZER_NUMBER_OBJECT_CONVERSION = YES_AGGRESSIVE;
				CLANG_CXX_LANGUAGE_STANDARD = "gnu++0x";
				CLANG_CXX_LIBRARY = "libc++";
				CLANG_ENABLE_MODULES = YES;
				CLANG_ENABLE_OBJC_ARC = YES;
				CLANG_WARN_BOOL_CONVERSION = YES;
				CLANG_WARN_CONSTANT_CONVERSION = YES;
				CLANG_WARN_DIRECT_OBJC_ISA_USAGE = YES_ERROR;
				CLANG_WARN_DOCUMENTATION_COMMENTS = YES;
				CLANG_WARN_EMPTY_BODY = YES;
				CLANG_WARN_ENUM_CONVERSION = YES;
				CLANG_WARN_INFINITE_RECURSION = YES;
				CLANG_WARN_INT_CONVERSION = YES;
				CLANG_WARN_OBJC_ROOT_CLASS = YES_ERROR;
				CLANG_WARN_SUSPICIOUS_MOVE = YES;
				CLANG_WARN_UNREACHABLE_CODE = YES;
				CLANG_WARN__DUPLICATE_METHOD_MATCH = YES;
				"CODE_SIGN_IDENTITY[sdk=iphoneos*]" = "iPhone Developer";
				COPY_PHASE_STRIP = NO;
				DEBUG_INFORMATION_FORMAT = "dwarf-with-dsym";
				ENABLE_NS_ASSERTIONS = NO;
				ENABLE_STRICT_OBJC_MSGSEND = YES;
				GCC_C_LANGUAGE_STANDARD = gnu99;
				GCC_NO_COMMON_BLOCKS = YES;
				GCC_WARN_64_TO_32_BIT_CONVERSION = YES;
				GCC_WARN_ABOUT_RETURN_TYPE = YES_ERROR;
				GCC_WARN_UNDECLARED_SELECTOR = YES;
				GCC_WARN_UNINITIALIZED_AUTOS = YES_AGGRESSIVE;
				GCC_WARN_UNUSED_FUNCTION = YES;
				GCC_WARN_UNUSED_VARIABLE = YES;
				IPHONEOS_DEPLOYMENT_TARGET = 10.3;
				MTL_ENABLE_DEBUG_INFO = NO;
				SDKROOT = iphoneos;
				SWIFT_OPTIMIZATION_LEVEL = "-Owholemodule";
				TARGETED_DEVICE_FAMILY = "1,2";
				VALIDATE_PRODUCT = YES;
			};
			name = Release;
		};
		171604C91F2B637F008F714B /* Debug */ = {
			isa = XCBuildConfiguration;
			buildSettings = {
				ASSETCATALOG_COMPILER_APPICON_NAME = AppIcon;
				DEVELOPMENT_TEAM = 6G5K2W5TKG;
				INFOPLIST_FILE = MiraclePills/Info.plist;
				LD_RUNPATH_SEARCH_PATHS = "$(inherited) @executable_path/Frameworks";
				PRODUCT_BUNDLE_IDENTIFIER = musabahco.MiraclePills;
				PRODUCT_NAME = "$(TARGET_NAME)";
				SWIFT_VERSION = 3.0;
			};
			name = Debug;
		};
		171604CA1F2B637F008F714B /* Release */ = {
			isa = XCBuildConfiguration;
			buildSettings = {
				ASSETCATALOG_COMPILER_APPICON_NAME = AppIcon;
				DEVELOPMENT_TEAM = 6G5K2W5TKG;
				INFOPLIST_FILE = MiraclePills/Info.plist;
				LD_RUNPATH_SEARCH_PATHS = "$(inherited) @executable_path/Frameworks";
				PRODUCT_BUNDLE_IDENTIFIER = musabahco.MiraclePills;
				PRODUCT_NAME = "$(TARGET_NAME)";
				SWIFT_VERSION = 3.0;
			};
			name = Release;
		};
		171604CC1F2B637F008F714B /* Debug */ = {
			isa = XCBuildConfiguration;
			buildSettings = {
				ALWAYS_EMBED_SWIFT_STANDARD_LIBRARIES = YES;
				BUNDLE_LOADER = "$(TEST_HOST)";
				DEVELOPMENT_TEAM = 6G5K2W5TKG;
				INFOPLIST_FILE = MiraclePillsTests/Info.plist;
				LD_RUNPATH_SEARCH_PATHS = "$(inherited) @executable_path/Frameworks @loader_path/Frameworks";
				PRODUCT_BUNDLE_IDENTIFIER = musabahco.MiraclePillsTests;
				PRODUCT_NAME = "$(TARGET_NAME)";
				SWIFT_VERSION = 3.0;
				TEST_HOST = "$(BUILT_PRODUCTS_DIR)/MiraclePills.app/MiraclePills";
			};
			name = Debug;
		};
		171604CD1F2B637F008F714B /* Release */ = {
			isa = XCBuildConfiguration;
			buildSettings = {
				ALWAYS_EMBED_SWIFT_STANDARD_LIBRARIES = YES;
				BUNDLE_LOADER = "$(TEST_HOST)";
				DEVELOPMENT_TEAM = 6G5K2W5TKG;
				INFOPLIST_FILE = MiraclePillsTests/Info.plist;
				LD_RUNPATH_SEARCH_PATHS = "$(inherited) @executable_path/Frameworks @loader_path/Frameworks";
				PRODUCT_BUNDLE_IDENTIFIER = musabahco.MiraclePillsTests;
				PRODUCT_NAME = "$(TARGET_NAME)";
				SWIFT_VERSION = 3.0;
				TEST_HOST = "$(BUILT_PRODUCTS_DIR)/MiraclePills.app/MiraclePills";
			};
			name = Release;
		};
		171604CF1F2B637F008F714B /* Debug */ = {
			isa = XCBuildConfiguration;
			buildSettings = {
				ALWAYS_EMBED_SWIFT_STANDARD_LIBRARIES = YES;
				DEVELOPMENT_TEAM = 6G5K2W5TKG;
				INFOPLIST_FILE = MiraclePillsUITests/Info.plist;
				LD_RUNPATH_SEARCH_PATHS = "$(inherited) @executable_path/Frameworks @loader_path/Frameworks";
				PRODUCT_BUNDLE_IDENTIFIER = musabahco.MiraclePillsUITests;
				PRODUCT_NAME = "$(TARGET_NAME)";
				SWIFT_VERSION = 3.0;
				TEST_TARGET_NAME = MiraclePills;
			};
			name = Debug;
		};
		171604D01F2B637F008F714B /* Release */ = {
			isa = XCBuildConfiguration;
			buildSettings = {
				ALWAYS_EMBED_SWIFT_STANDARD_LIBRARIES = YES;
				DEVELOPMENT_TEAM = 6G5K2W5TKG;
				INFOPLIST_FILE = MiraclePillsUITests/Info.plist;
				LD_RUNPATH_SEARCH_PATHS = "$(inherited) @executable_path/Frameworks @loader_path/Frameworks";
				PRODUCT_BUNDLE_IDENTIFIER = musabahco.MiraclePillsUITests;
				PRODUCT_NAME = "$(TARGET_NAME)";
				SWIFT_VERSION = 3.0;
				TEST_TARGET_NAME = MiraclePills;
			};
			name = Release;
		};
/* End XCBuildConfiguration section */

/* Begin XCConfigurationList section */
		1716049B1F2B637F008F714B /* Build configuration list for PBXProject "MiraclePills" */ = {
			isa = XCConfigurationList;
			buildConfigurations = (
				171604C61F2B637F008F714B /* Debug */,
				171604C71F2B637F008F714B /* Release */,
			);
			defaultConfigurationIsVisible = 0;
			defaultConfigurationName = Release;
		};
		171604C81F2B637F008F714B /* Build configuration list for PBXNativeTarget "MiraclePills" */ = {
			isa = XCConfigurationList;
			buildConfigurations = (
				171604C91F2B637F008F714B /* Debug */,
				171604CA1F2B637F008F714B /* Release */,
			);
			defaultConfigurationIsVisible = 0;
		};
		171604CB1F2B637F008F714B /* Build configuration list for PBXNativeTarget "MiraclePillsTests" */ = {
			isa = XCConfigurationList;
			buildConfigurations = (
				171604CC1F2B637F008F714B /* Debug */,
				171604CD1F2B637F008F714B /* Release */,
			);
			defaultConfigurationIsVisible = 0;
		};
		171604CE1F2B637F008F714B /* Build configuration list for PBXNativeTarget "MiraclePillsUITests" */ = {
			isa = XCConfigurationList;
			buildConfigurations = (
				171604CF1F2B637F008F714B /* Debug */,
				171604D01F2B637F008F714B /* Release */,
			);
			defaultConfigurationIsVisible = 0;
		};
/* End XCConfigurationList section */
	};
	rootObject = 171604981F2B637F008F714B /* Project object */;
}
